schema: '2.0'
stages:
  validate:
    cmd: python src/data_validation.py
    deps:
    - path: data/raw/reviews.csv
      hash: md5
      md5: cf1fb9ef625e2936d5e40975fd6434d1
      size: 444
  preprocess:
    cmd: python src/preprocessing.py
    deps:
    - path: data/raw/reviews.csv
      hash: md5
      md5: cf1fb9ef625e2936d5e40975fd6434d1
      size: 444
    outs:
    - path: data/processed/clean.csv
      hash: md5
      md5: 153d4b69567a26ec61d6c2e0681b528e
      size: 435
  train:
    cmd: python src/train.py
    deps:
    - path: data/processed/clean.csv
      hash: md5
      md5: 153d4b69567a26ec61d6c2e0681b528e
      size: 435
    outs:
    - path: models/model.pkl
      hash: md5
      md5: 6aa096473ff0f3998d7429f7f1636221
      size: 3139
