schema: '2.0'
stages:
  validate:
    cmd: python src/data_validation.py
    deps:
    - path: data/raw/reviews.csv
      hash: md5
      md5: e80a909656a9964cdaca6dd73c94c5a9
      size: 351
  preprocess:
    cmd: python src/preprocessing.py
    deps:
    - path: data/raw/reviews.csv
      hash: md5
      md5: e80a909656a9964cdaca6dd73c94c5a9
      size: 351
    outs:
    - path: data/processed/clean.csv
      hash: md5
      md5: ebed06e16a129ec6ee3e6c3c35560533
      size: 351
  train:
    cmd: python src/train.py
    deps:
    - path: data/processed/clean.csv
      hash: md5
      md5: ebed06e16a129ec6ee3e6c3c35560533
      size: 351
    outs:
    - path: models/model.pkl
      hash: md5
      md5: 97f66f390c36affa30f49114d3b368a9
      size: 3203
